
Microsoft Visual Studio Solution File, Format Version 12.00
# Visual Studio 15
VisualStudioVersion = 15.0.27130.2026
MinimumVisualStudioVersion = 10.0.40219.1
Project("{FAE04EC0-301F-11D3-BF4B-00C04F79EFBC}") = "VehicleProject", "VehicleProject\VehicleProject.csproj", "{2317A6AC-F508-4E3F-952B-20AFF010A0E5}"
EndProject
Global
	GlobalSection(SolutionConfigurationPlatforms) = preSolution
		Debug|Any CPU = Debug|Any CPU
		Release|Any CPU = Release|Any CPU
	EndGlobalSection
	GlobalSection(ProjectConfigurationPlatforms) = postSolution
		{2317A6AC-F508-4E3F-952B-20AFF010A0E5}.Debug|Any CPU.ActiveCfg = Debug|Any CPU
		{2317A6AC-F508-4E3F-952B-20AFF010A0E5}.Debug|Any CPU.Build.0 = Debug|Any CPU
		{2317A6AC-F508-4E3F-952B-20AFF010A0E5}.Release|Any CPU.ActiveCfg = Release|Any CPU
		{2317A6AC-F508-4E3F-952B-20AFF010A0E5}.Release|Any CPU.Build.0 = Release|Any CPU
	EndGlobalSection
	GlobalSection(SolutionProperties) = preSolution
		HideSolutionNode = FALSE
	EndGlobalSection
	GlobalSection(ExtensibilityGlobals) = postSolution
		SolutionGuid = {6B8AAA4D-1977-4038-B684-6601A552991D}
	EndGlobalSection
EndGlobal
